
Microsoft Visual Studio Solution File, Format Version 12.00
# Visual Studio Version 17
VisualStudioVersion = 17.3.32825.248
MinimumVisualStudioVersion = 10.0.40219.1
Project("{FAE04EC0-301F-11D3-BF4B-00C04F79EFBC}") = "WSVenta", "WSVenta\WSVenta.csproj", "{4D0E3900-4CF0-4E91-9AEA-8DF17C8F3D2A}"
EndProject
Global
	GlobalSection(SolutionConfigurationPlatforms) = preSolution
		Debug|Any CPU = Debug|Any CPU
		Release|Any CPU = Release|Any CPU
	EndGlobalSection
	GlobalSection(ProjectConfigurationPlatforms) = postSolution
		{4D0E3900-4CF0-4E91-9AEA-8DF17C8F3D2A}.Debug|Any CPU.ActiveCfg = Debug|Any CPU
		{4D0E3900-4CF0-4E91-9AEA-8DF17C8F3D2A}.Debug|Any CPU.Build.0 = Debug|Any CPU
		{4D0E3900-4CF0-4E91-9AEA-8DF17C8F3D2A}.Release|Any CPU.ActiveCfg = Release|Any CPU
		{4D0E3900-4CF0-4E91-9AEA-8DF17C8F3D2A}.Release|Any CPU.Build.0 = Release|Any CPU
	EndGlobalSection
	GlobalSection(SolutionProperties) = preSolution
		HideSolutionNode = FALSE
	EndGlobalSection
	GlobalSection(ExtensibilityGlobals) = postSolution
		SolutionGuid = {82044728-90E8-493C-A8A4-F9187BF9378A}
	EndGlobalSection
EndGlobal
